
Microsoft Visual Studio Solution File, Format Version 12.00
# Visual Studio Version 16
VisualStudioVersion = 16.0.31515.178
MinimumVisualStudioVersion = 10.0.40219.1
Project("{FAE04EC0-301F-11D3-BF4B-00C04F79EFBC}") = "csharp-chess", "csharp-chess\csharp-chess.csproj", "{43E806AC-0299-4E5B-8090-99935C7215EE}"
EndProject
Global
	GlobalSection(SolutionConfigurationPlatforms) = preSolution
		Debug|Any CPU = Debug|Any CPU
		Release|Any CPU = Release|Any CPU
	EndGlobalSection
	GlobalSection(ProjectConfigurationPlatforms) = postSolution
		{43E806AC-0299-4E5B-8090-99935C7215EE}.Debug|Any CPU.ActiveCfg = Debug|Any CPU
		{43E806AC-0299-4E5B-8090-99935C7215EE}.Debug|Any CPU.Build.0 = Debug|Any CPU
		{43E806AC-0299-4E5B-8090-99935C7215EE}.Release|Any CPU.ActiveCfg = Release|Any CPU
		{43E806AC-0299-4E5B-8090-99935C7215EE}.Release|Any CPU.Build.0 = Release|Any CPU
	EndGlobalSection
	GlobalSection(SolutionProperties) = preSolution
		HideSolutionNode = FALSE
	EndGlobalSection
	GlobalSection(ExtensibilityGlobals) = postSolution
		SolutionGuid = {162349CB-2315-4798-AED1-D6DCAFFA69B8}
	EndGlobalSection
EndGlobal
